
Microsoft Visual Studio Solution File, Format Version 12.00
# Visual Studio Version 17
VisualStudioVersion = 17.4.33110.190
MinimumVisualStudioVersion = 10.0.40219.1
Project("{FAE04EC0-301F-11D3-BF4B-00C04F79EFBC}") = "Gerenciamento de Veiculos", "Gerenciamento de Veiculos\Gerenciamento de Veiculos.csproj", "{D0172D28-DF44-4CE0-BFC3-B3794A2C54DE}"
EndProject
Global
	GlobalSection(SolutionConfigurationPlatforms) = preSolution
		Debug|Any CPU = Debug|Any CPU
		Release|Any CPU = Release|Any CPU
	EndGlobalSection
	GlobalSection(ProjectConfigurationPlatforms) = postSolution
		{D0172D28-DF44-4CE0-BFC3-B3794A2C54DE}.Debug|Any CPU.ActiveCfg = Debug|Any CPU
		{D0172D28-DF44-4CE0-BFC3-B3794A2C54DE}.Debug|Any CPU.Build.0 = Debug|Any CPU
		{D0172D28-DF44-4CE0-BFC3-B3794A2C54DE}.Release|Any CPU.ActiveCfg = Release|Any CPU
		{D0172D28-DF44-4CE0-BFC3-B3794A2C54DE}.Release|Any CPU.Build.0 = Release|Any CPU
	EndGlobalSection
	GlobalSection(SolutionProperties) = preSolution
		HideSolutionNode = FALSE
	EndGlobalSection
	GlobalSection(ExtensibilityGlobals) = postSolution
		SolutionGuid = {E2AADAE3-C7F8-4C2D-B11E-706CF1335602}
	EndGlobalSection
EndGlobal
